
Microsoft Visual Studio Solution File, Format Version 12.00
# Visual Studio Version 17
VisualStudioVersion = 17.4.33213.308
MinimumVisualStudioVersion = 10.0.40219.1
Project("{FAE04EC0-301F-11D3-BF4B-00C04F79EFBC}") = "parafia2", "parafia2\parafia2.csproj", "{42E8919A-03EF-4B1E-A2B2-77E8E8AD71F5}"
EndProject
Global
	GlobalSection(SolutionConfigurationPlatforms) = preSolution
		Debug|Any CPU = Debug|Any CPU
		Release|Any CPU = Release|Any CPU
	EndGlobalSection
	GlobalSection(ProjectConfigurationPlatforms) = postSolution
		{42E8919A-03EF-4B1E-A2B2-77E8E8AD71F5}.Debug|Any CPU.ActiveCfg = Debug|Any CPU
		{42E8919A-03EF-4B1E-A2B2-77E8E8AD71F5}.Debug|Any CPU.Build.0 = Debug|Any CPU
		{42E8919A-03EF-4B1E-A2B2-77E8E8AD71F5}.Release|Any CPU.ActiveCfg = Release|Any CPU
		{42E8919A-03EF-4B1E-A2B2-77E8E8AD71F5}.Release|Any CPU.Build.0 = Release|Any CPU
	EndGlobalSection
	GlobalSection(SolutionProperties) = preSolution
		HideSolutionNode = FALSE
	EndGlobalSection
	GlobalSection(ExtensibilityGlobals) = postSolution
		SolutionGuid = {37BEA6A4-2D61-4EC5-8EF6-B38002B17C5F}
	EndGlobalSection
EndGlobal
